
Microsoft Visual Studio Solution File, Format Version 12.00
# Visual Studio Version 17
VisualStudioVersion = 17.0.32014.148
MinimumVisualStudioVersion = 10.0.40219.1
Project("{2150E333-8FDC-42A3-9474-1A3956D46DE8}") = "TestGame", "TestGame", "{723B93CA-7EDC-46CB-93DD-983F2061B14D}"
	ProjectSection(SolutionItems) = preProject
		TestGame\code.dm = TestGame\code.dm
		TestGame\environment.dme = TestGame\environment.dme
		TestGame\renderer_tests.dm = TestGame\renderer_tests.dm
		TestGame\map_z1.dmm = TestGame\map_z1.dmm
		TestGame\map_z2.dmm = TestGame\map_z2.dmm
		TestGame\map_z3.dmm = TestGame\map_z3.dmm
		TestGame\TestInterface.dmf = TestGame\TestInterface.dmf
	EndProjectSection
EndProject
Project("{2150E333-8FDC-42A3-9474-1A3956D46DE8}") = "icons", "icons", "{4F1F4C68-4117-4ECC-8174-D399C1D6C409}"
	ProjectSection(SolutionItems) = preProject
		TestGame\icons\mob.dmi = TestGame\icons\mob.dmi
		TestGame\icons\turf.dmi = TestGame\icons\turf.dmi
		TestGame\icons\displace.dmi = TestGame\icons\displace.dmi
	EndProjectSection
EndProject
Project("{9A19103F-16F7-4668-BE54-9A1E7A4F7556}") = "DMCompiler", "DMCompiler\DMCompiler.csproj", "{5CE157DB-7811-499B-97B7-11AC3C2C728F}"
EndProject
Project("{9A19103F-16F7-4668-BE54-9A1E7A4F7556}") = "OpenDreamShared", "OpenDreamShared\OpenDreamShared.csproj", "{2879AF7A-6026-4A95-9F6E-37489FFE764E}"
EndProject
Project("{2150E333-8FDC-42A3-9474-1A3956D46DE8}") = "RobustToolbox", "RobustToolbox", "{DBFD7471-84E2-4AAB-86E9-F8DFF917ED5B}"
EndProject
Project("{9A19103F-16F7-4668-BE54-9A1E7A4F7556}") = "Robust.Client", "RobustToolbox\Robust.Client\Robust.Client.csproj", "{260FDE5A-C587-4603-B45D-EF2049F7B2F6}"
EndProject
Project("{9A19103F-16F7-4668-BE54-9A1E7A4F7556}") = "Robust.Shared", "RobustToolbox\Robust.Shared\Robust.Shared.csproj", "{2C2A8FA2-1C54-4781-A79C-288AB39325FA}"
EndProject
Project("{9A19103F-16F7-4668-BE54-9A1E7A4F7556}") = "Robust.Server", "RobustToolbox\Robust.Server\Robust.Server.csproj", "{2E744769-C54D-4F43-9592-C2743B3BA95F}"
EndProject
Project("{9A19103F-16F7-4668-BE54-9A1E7A4F7556}") = "Robust.Shared.Maths", "RobustToolbox\Robust.Shared.Maths\Robust.Shared.Maths.csproj", "{23AB2010-6763-4A97-99D2-DC10D2F9F3B5}"
EndProject
Project("{9A19103F-16F7-4668-BE54-9A1E7A4F7556}") = "Avalonia.Base", "RobustToolbox\Avalonia.Base\Avalonia.Base.csproj", "{B2DC3A15-42D9-42CF-B9FC-F1FB5F7E41F7}"
EndProject
Project("{9A19103F-16F7-4668-BE54-9A1E7A4F7556}") = "Lidgren.Network", "RobustToolbox\Lidgren.Network\Lidgren.Network.csproj", "{7C10CFFC-4EE7-4115-A69A-7B60D19712AB}"
EndProject
Project("{9A19103F-16F7-4668-BE54-9A1E7A4F7556}") = "NetSerializer", "RobustToolbox\NetSerializer\NetSerializer\NetSerializer.csproj", "{F7A90FEE-4B51-4B86-A6ED-F1AD8E4B870E}"
EndProject
Project("{9A19103F-16F7-4668-BE54-9A1E7A4F7556}") = "Robust.Shared.Scripting", "RobustToolbox\Robust.Shared.Scripting\Robust.Shared.Scripting.csproj", "{432B5670-6BEF-4F3D-A1D0-86F03CBD5BD1}"
EndProject
Project("{9A19103F-16F7-4668-BE54-9A1E7A4F7556}") = "Robust.Client.Injectors", "RobustToolbox\Robust.Client.Injectors\Robust.Client.Injectors.csproj", "{65C1D5FF-4EED-468D-8452-1BC62ED6C624}"
EndProject
Project("{9A19103F-16F7-4668-BE54-9A1E7A4F7556}") = "Robust.Client.NameGenerator", "RobustToolbox\Robust.Client.NameGenerator\Robust.Client.NameGenerator.csproj", "{B4312CDA-EE13-4EFC-ACC1-24FB29900F2F}"
EndProject
Project("{9A19103F-16F7-4668-BE54-9A1E7A4F7556}") = "Robust.Client.WebView", "RobustToolbox\Robust.Client.WebView\Robust.Client.WebView.csproj", "{F5B751BB-FFC3-4331-873A-51315740462A}"
EndProject
Project("{9A19103F-16F7-4668-BE54-9A1E7A4F7556}") = "Robust.Analyzers", "RobustToolbox\Robust.Analyzers\Robust.Analyzers.csproj", "{A34BFECC-B541-48E6-82BA-506BBDB7C40B}"
EndProject
Project("{9A19103F-16F7-4668-BE54-9A1E7A4F7556}") = "Robust.UnitTesting", "RobustToolbox\Robust.UnitTesting\Robust.UnitTesting.csproj", "{4A4148E4-C82C-45F5-8278-371CA0567EFB}"
EndProject
Project("{9A19103F-16F7-4668-BE54-9A1E7A4F7556}") = "OpenToolkit.GraphicsLibraryFramework", "RobustToolbox\OpenToolkit.GraphicsLibraryFramework\OpenToolkit.GraphicsLibraryFramework.csproj", "{D5D921FD-A535-40CE-AED2-0526AC4015E4}"
EndProject
Project("{9A19103F-16F7-4668-BE54-9A1E7A4F7556}") = "Robust.LoaderApi", "RobustToolbox\Robust.LoaderApi\Robust.LoaderApi\Robust.LoaderApi.csproj", "{7AA19C30-0627-473E-B3D0-08E96FC2D77D}"
EndProject
Project("{2150E333-8FDC-42A3-9474-1A3956D46DE8}") = "XamlX", "XamlX", "{2E99CFE9-C7C6-4275-8730-2672E28CCEA4}"
EndProject
Project("{9A19103F-16F7-4668-BE54-9A1E7A4F7556}") = "XamlX", "RobustToolbox\XamlX\src\XamlX\XamlX.csproj", "{ECB7A503-FF99-4E73-927A-B434915A452A}"
EndProject
Project("{9A19103F-16F7-4668-BE54-9A1E7A4F7556}") = "XamlX.IL.Cecil", "RobustToolbox\XamlX\src\XamlX.IL.Cecil\XamlX.IL.Cecil.csproj", "{C598983A-4FE6-45FF-A6C2-1563394285E1}"
EndProject
Project("{9A19103F-16F7-4668-BE54-9A1E7A4F7556}") = "XamlX.Runtime", "RobustToolbox\XamlX\src\XamlX.Runtime\XamlX.Runtime.csproj", "{293D0AEA-7934-461C-9DAD-EC1827CE9DE3}"
EndProject
Project("{2150E333-8FDC-42A3-9474-1A3956D46DE8}") = "MSBuild", "MSBuild", "{3DF1DC34-2235-4F4F-8513-14B1284EC70B}"
	ProjectSection(SolutionItems) = preProject
		RobustToolbox\MSBuild\Robust.Analyzers.targets = RobustToolbox\MSBuild\Robust.Analyzers.targets
		RobustToolbox\MSBuild\Robust.DefineConstants.targets = RobustToolbox\MSBuild\Robust.DefineConstants.targets
		RobustToolbox\MSBuild\Robust.Engine.targets = RobustToolbox\MSBuild\Robust.Engine.targets
		RobustToolbox\MSBuild\Robust.Properties.targets = RobustToolbox\MSBuild\Robust.Properties.targets
		RobustToolbox\MSBuild\XamlIL.targets = RobustToolbox\MSBuild\XamlIL.targets
	EndProjectSection
EndProject
Project("{2150E333-8FDC-42A3-9474-1A3956D46DE8}") = "cefglue", "cefglue", "{534AFACE-24AF-4F54-B7B0-951C5D62DF34}"
EndProject
Project("{9A19103F-16F7-4668-BE54-9A1E7A4F7556}") = "CefGlue", "RobustToolbox\cefglue\CefGlue\CefGlue.csproj", "{CBF4EBB8-A6A0-446F-82D4-B1D24FF5B3FF}"
EndProject
Project("{9A19103F-16F7-4668-BE54-9A1E7A4F7556}") = "OpenDreamServer", "OpenDreamServer\OpenDreamServer.csproj", "{2F7EE143-7BED-4731-90F0-E45AD7CC5E02}"
EndProject
Project("{9A19103F-16F7-4668-BE54-9A1E7A4F7556}") = "OpenDreamClient", "OpenDreamClient\OpenDreamClient.csproj", "{DEC65C37-03EF-4064-9C37-12CEB9ABD52A}"
EndProject
Project("{9A19103F-16F7-4668-BE54-9A1E7A4F7556}") = "Content.IntegrationTests", "Content.IntegrationTests\Content.IntegrationTests.csproj", "{5CC537C3-91A8-484F-BA2C-A7D35D38A8B9}"
EndProject
Project("{9A19103F-16F7-4668-BE54-9A1E7A4F7556}") = "Content.Tests", "Content.Tests\Content.Tests.csproj", "{B8383CBC-8AE4-4F3B-9BE0-0D41030E7F68}"
EndProject
Project("{9A19103F-16F7-4668-BE54-9A1E7A4F7556}") = "OpenDreamRuntime", "OpenDreamRuntime\OpenDreamRuntime.csproj", "{0D2AA0E2-B2DA-4EAF-9D7F-3E89257E74CD}"
EndProject
Project("{9A19103F-16F7-4668-BE54-9A1E7A4F7556}") = "DMDisassembler", "DMDisassembler\DMDisassembler.csproj", "{E83EE2FF-1D0D-4268-884A-0CF305F64AAE}"
EndProject
Project("{FAE04EC0-301F-11D3-BF4B-00C04F79EFBC}") = "Robust.Packaging", "RobustToolbox\Robust.Packaging\Robust.Packaging.csproj", "{F3735A7F-44A2-4BEE-ADD6-952577D4DC33}"
EndProject
Project("{FAE04EC0-301F-11D3-BF4B-00C04F79EFBC}") = "Robust.Shared.CompNetworkGenerator", "RobustToolbox\Robust.Shared.CompNetworkGenerator\Robust.Shared.CompNetworkGenerator.csproj", "{D080D3FA-CE53-40D2-AC9A-940FD9EB5055}"
EndProject
Project("{FAE04EC0-301F-11D3-BF4B-00C04F79EFBC}") = "OpenDreamPackaging", "OpenDreamPackaging\OpenDreamPackaging.csproj", "{A86753A5-C9D8-4F3E-B030-BCFC64DF35D6}"
EndProject
Project("{FAE04EC0-301F-11D3-BF4B-00C04F79EFBC}") = "Robust.Serialization.Generator", "RobustToolbox\Robust.Serialization.Generator\Robust.Serialization.Generator.csproj", "{366AA569-0889-491B-AB00-F038EAEC5221}"
EndProject
Project("{FAE04EC0-301F-11D3-BF4B-00C04F79EFBC}") = "OpenDreamPackageTool", "OpenDreamPackageTool\OpenDreamPackageTool.csproj", "{351729DE-F70D-4136-AD48-1E08A715C1B1}"
EndProject
Project("{FAE04EC0-301F-11D3-BF4B-00C04F79EFBC}") = "Robust.Xaml", "RobustToolbox\Robust.Xaml\Robust.Xaml.csproj", "{62F71077-77A6-4F0F-9A47-AA341668E194}"
EndProject
Project("{FAE04EC0-301F-11D3-BF4B-00C04F79EFBC}") = "OpenDreamShared.Common", "OpenDreamCommon\OpenDreamShared.Common.csproj", "{556A81FF-5A5F-4DC9-9E18-AFD9767FA082}"
EndProject
Project("{FAE04EC0-301F-11D3-BF4B-00C04F79EFBC}") = "OpenDreamNoClient", "OpenDreamNoClient\OpenDreamNoClient.csproj", "{CCBE231F-192D-4CDB-8931-555B04B56534}"
EndProject
Global
	GlobalSection(SolutionConfigurationPlatforms) = preSolution
		Debug|Any CPU = Debug|Any CPU
		Debug|x64 = Debug|x64
		Release|Any CPU = Release|Any CPU
		Release|x64 = Release|x64
		Tools|Any CPU = Tools|Any CPU
	EndGlobalSection
	GlobalSection(ProjectConfigurationPlatforms) = postSolution
		{5CE157DB-7811-499B-97B7-11AC3C2C728F}.Debug|Any CPU.ActiveCfg = Debug|Any CPU
		{5CE157DB-7811-499B-97B7-11AC3C2C728F}.Debug|Any CPU.Build.0 = Debug|Any CPU
		{5CE157DB-7811-499B-97B7-11AC3C2C728F}.Debug|x64.ActiveCfg = Debug|Any CPU
		{5CE157DB-7811-499B-97B7-11AC3C2C728F}.Debug|x64.Build.0 = Debug|Any CPU
		{5CE157DB-7811-499B-97B7-11AC3C2C728F}.Release|Any CPU.ActiveCfg = Release|Any CPU
		{5CE157DB-7811-499B-97B7-11AC3C2C728F}.Release|Any CPU.Build.0 = Release|Any CPU
		{5CE157DB-7811-499B-97B7-11AC3C2C728F}.Release|x64.ActiveCfg = Release|Any CPU
		{5CE157DB-7811-499B-97B7-11AC3C2C728F}.Release|x64.Build.0 = Release|Any CPU
		{5CE157DB-7811-499B-97B7-11AC3C2C728F}.Tools|Any CPU.ActiveCfg = Tools|Any CPU
		{5CE157DB-7811-499B-97B7-11AC3C2C728F}.Tools|Any CPU.Build.0 = Tools|Any CPU
		{2879AF7A-6026-4A95-9F6E-37489FFE764E}.Debug|Any CPU.ActiveCfg = Debug|Any CPU
		{2879AF7A-6026-4A95-9F6E-37489FFE764E}.Debug|Any CPU.Build.0 = Debug|Any CPU
		{2879AF7A-6026-4A95-9F6E-37489FFE764E}.Debug|x64.ActiveCfg = Debug|Any CPU
		{2879AF7A-6026-4A95-9F6E-37489FFE764E}.Debug|x64.Build.0 = Debug|Any CPU
		{2879AF7A-6026-4A95-9F6E-37489FFE764E}.Release|Any CPU.ActiveCfg = Release|Any CPU
		{2879AF7A-6026-4A95-9F6E-37489FFE764E}.Release|Any CPU.Build.0 = Release|Any CPU
		{2879AF7A-6026-4A95-9F6E-37489FFE764E}.Release|x64.ActiveCfg = Release|Any CPU
		{2879AF7A-6026-4A95-9F6E-37489FFE764E}.Release|x64.Build.0 = Release|Any CPU
		{2879AF7A-6026-4A95-9F6E-37489FFE764E}.Tools|Any CPU.ActiveCfg = Tools|Any CPU
		{2879AF7A-6026-4A95-9F6E-37489FFE764E}.Tools|Any CPU.Build.0 = Tools|Any CPU
		{260FDE5A-C587-4603-B45D-EF2049F7B2F6}.Debug|Any CPU.ActiveCfg = Debug|Any CPU
		{260FDE5A-C587-4603-B45D-EF2049F7B2F6}.Debug|Any CPU.Build.0 = Debug|Any CPU
		{260FDE5A-C587-4603-B45D-EF2049F7B2F6}.Debug|x64.ActiveCfg = Debug|Any CPU
		{260FDE5A-C587-4603-B45D-EF2049F7B2F6}.Debug|x64.Build.0 = Debug|Any CPU
		{260FDE5A-C587-4603-B45D-EF2049F7B2F6}.Release|Any CPU.ActiveCfg = Release|Any CPU
		{260FDE5A-C587-4603-B45D-EF2049F7B2F6}.Release|Any CPU.Build.0 = Release|Any CPU
		{260FDE5A-C587-4603-B45D-EF2049F7B2F6}.Release|x64.ActiveCfg = Release|Any CPU
		{260FDE5A-C587-4603-B45D-EF2049F7B2F6}.Release|x64.Build.0 = Release|Any CPU
		{260FDE5A-C587-4603-B45D-EF2049F7B2F6}.Tools|Any CPU.ActiveCfg = Tools|Any CPU
		{260FDE5A-C587-4603-B45D-EF2049F7B2F6}.Tools|Any CPU.Build.0 = Tools|Any CPU
		{2C2A8FA2-1C54-4781-A79C-288AB39325FA}.Debug|Any CPU.ActiveCfg = Debug|Any CPU
		{2C2A8FA2-1C54-4781-A79C-288AB39325FA}.Debug|Any CPU.Build.0 = Debug|Any CPU
		{2C2A8FA2-1C54-4781-A79C-288AB39325FA}.Debug|x64.ActiveCfg = Debug|Any CPU
		{2C2A8FA2-1C54-4781-A79C-288AB39325FA}.Debug|x64.Build.0 = Debug|Any CPU
		{2C2A8FA2-1C54-4781-A79C-288AB39325FA}.Release|Any CPU.ActiveCfg = Release|Any CPU
		{2C2A8FA2-1C54-4781-A79C-288AB39325FA}.Release|Any CPU.Build.0 = Release|Any CPU
		{2C2A8FA2-1C54-4781-A79C-288AB39325FA}.Release|x64.ActiveCfg = Release|Any CPU
		{2C2A8FA2-1C54-4781-A79C-288AB39325FA}.Release|x64.Build.0 = Release|Any CPU
		{2C2A8FA2-1C54-4781-A79C-288AB39325FA}.Tools|Any CPU.ActiveCfg = Tools|Any CPU
		{2C2A8FA2-1C54-4781-A79C-288AB39325FA}.Tools|Any CPU.Build.0 = Tools|Any CPU
		{2E744769-C54D-4F43-9592-C2743B3BA95F}.Debug|Any CPU.ActiveCfg = Debug|Any CPU
		{2E744769-C54D-4F43-9592-C2743B3BA95F}.Debug|Any CPU.Build.0 = Debug|Any CPU
		{2E744769-C54D-4F43-9592-C2743B3BA95F}.Debug|x64.ActiveCfg = Debug|Any CPU
		{2E744769-C54D-4F43-9592-C2743B3BA95F}.Debug|x64.Build.0 = Debug|Any CPU
		{2E744769-C54D-4F43-9592-C2743B3BA95F}.Release|Any CPU.ActiveCfg = Release|Any CPU
		{2E744769-C54D-4F43-9592-C2743B3BA95F}.Release|Any CPU.Build.0 = Release|Any CPU
		{2E744769-C54D-4F43-9592-C2743B3BA95F}.Release|x64.ActiveCfg = Release|Any CPU
		{2E744769-C54D-4F43-9592-C2743B3BA95F}.Release|x64.Build.0 = Release|Any CPU
		{2E744769-C54D-4F43-9592-C2743B3BA95F}.Tools|Any CPU.ActiveCfg = Tools|Any CPU
		{2E744769-C54D-4F43-9592-C2743B3BA95F}.Tools|Any CPU.Build.0 = Tools|Any CPU
		{23AB2010-6763-4A97-99D2-DC10D2F9F3B5}.Debug|Any CPU.ActiveCfg = Debug|Any CPU
		{23AB2010-6763-4A97-99D2-DC10D2F9F3B5}.Debug|Any CPU.Build.0 = Debug|Any CPU
		{23AB2010-6763-4A97-99D2-DC10D2F9F3B5}.Debug|x64.ActiveCfg = Debug|Any CPU
		{23AB2010-6763-4A97-99D2-DC10D2F9F3B5}.Debug|x64.Build.0 = Debug|Any CPU
		{23AB2010-6763-4A97-99D2-DC10D2F9F3B5}.Release|Any CPU.ActiveCfg = Release|Any CPU
		{23AB2010-6763-4A97-99D2-DC10D2F9F3B5}.Release|Any CPU.Build.0 = Release|Any CPU
		{23AB2010-6763-4A97-99D2-DC10D2F9F3B5}.Release|x64.ActiveCfg = Release|Any CPU
		{23AB2010-6763-4A97-99D2-DC10D2F9F3B5}.Release|x64.Build.0 = Release|Any CPU
		{23AB2010-6763-4A97-99D2-DC10D2F9F3B5}.Tools|Any CPU.ActiveCfg = Tools|Any CPU
		{23AB2010-6763-4A97-99D2-DC10D2F9F3B5}.Tools|Any CPU.Build.0 = Tools|Any CPU
		{B2DC3A15-42D9-42CF-B9FC-F1FB5F7E41F7}.Debug|Any CPU.ActiveCfg = Debug|Any CPU
		{B2DC3A15-42D9-42CF-B9FC-F1FB5F7E41F7}.Debug|Any CPU.Build.0 = Debug|Any CPU
		{B2DC3A15-42D9-42CF-B9FC-F1FB5F7E41F7}.Debug|x64.ActiveCfg = Debug|Any CPU
		{B2DC3A15-42D9-42CF-B9FC-F1FB5F7E41F7}.Debug|x64.Build.0 = Debug|Any CPU
		{B2DC3A15-42D9-42CF-B9FC-F1FB5F7E41F7}.Release|Any CPU.ActiveCfg = Release|Any CPU
		{B2DC3A15-42D9-42CF-B9FC-F1FB5F7E41F7}.Release|Any CPU.Build.0 = Release|Any CPU
		{B2DC3A15-42D9-42CF-B9FC-F1FB5F7E41F7}.Release|x64.ActiveCfg = Release|Any CPU
		{B2DC3A15-42D9-42CF-B9FC-F1FB5F7E41F7}.Release|x64.Build.0 = Release|Any CPU
		{B2DC3A15-42D9-42CF-B9FC-F1FB5F7E41F7}.Tools|Any CPU.ActiveCfg = Tools|Any CPU
		{B2DC3A15-42D9-42CF-B9FC-F1FB5F7E41F7}.Tools|Any CPU.Build.0 = Tools|Any CPU
		{7C10CFFC-4EE7-4115-A69A-7B60D19712AB}.Debug|Any CPU.ActiveCfg = Debug|Any CPU
		{7C10CFFC-4EE7-4115-A69A-7B60D19712AB}.Debug|Any CPU.Build.0 = Debug|Any CPU
		{7C10CFFC-4EE7-4115-A69A-7B60D19712AB}.Debug|x64.ActiveCfg = Debug|Any CPU
		{7C10CFFC-4EE7-4115-A69A-7B60D19712AB}.Debug|x64.Build.0 = Debug|Any CPU
		{7C10CFFC-4EE7-4115-A69A-7B60D19712AB}.Release|Any CPU.ActiveCfg = Release|Any CPU
		{7C10CFFC-4EE7-4115-A69A-7B60D19712AB}.Release|Any CPU.Build.0 = Release|Any CPU
		{7C10CFFC-4EE7-4115-A69A-7B60D19712AB}.Release|x64.ActiveCfg = Release|Any CPU
		{7C10CFFC-4EE7-4115-A69A-7B60D19712AB}.Release|x64.Build.0 = Release|Any CPU
		{7C10CFFC-4EE7-4115-A69A-7B60D19712AB}.Tools|Any CPU.ActiveCfg = Tools|Any CPU
		{7C10CFFC-4EE7-4115-A69A-7B60D19712AB}.Tools|Any CPU.Build.0 = Tools|Any CPU
		{F7A90FEE-4B51-4B86-A6ED-F1AD8E4B870E}.Debug|Any CPU.ActiveCfg = Debug|Any CPU
		{F7A90FEE-4B51-4B86-A6ED-F1AD8E4B870E}.Debug|Any CPU.Build.0 = Debug|Any CPU
		{F7A90FEE-4B51-4B86-A6ED-F1AD8E4B870E}.Debug|x64.ActiveCfg = Debug|Any CPU
		{F7A90FEE-4B51-4B86-A6ED-F1AD8E4B870E}.Debug|x64.Build.0 = Debug|Any CPU
		{F7A90FEE-4B51-4B86-A6ED-F1AD8E4B870E}.Release|Any CPU.ActiveCfg = Release|Any CPU
		{F7A90FEE-4B51-4B86-A6ED-F1AD8E4B870E}.Release|Any CPU.Build.0 = Release|Any CPU
		{F7A90FEE-4B51-4B86-A6ED-F1AD8E4B870E}.Release|x64.ActiveCfg = Release|Any CPU
		{F7A90FEE-4B51-4B86-A6ED-F1AD8E4B870E}.Release|x64.Build.0 = Release|Any CPU
		{F7A90FEE-4B51-4B86-A6ED-F1AD8E4B870E}.Tools|Any CPU.ActiveCfg = Tools|Any CPU
		{F7A90FEE-4B51-4B86-A6ED-F1AD8E4B870E}.Tools|Any CPU.Build.0 = Tools|Any CPU
		{432B5670-6BEF-4F3D-A1D0-86F03CBD5BD1}.Debug|Any CPU.ActiveCfg = Debug|Any CPU
		{432B5670-6BEF-4F3D-A1D0-86F03CBD5BD1}.Debug|Any CPU.Build.0 = Debug|Any CPU
		{432B5670-6BEF-4F3D-A1D0-86F03CBD5BD1}.Debug|x64.ActiveCfg = Debug|Any CPU
		{432B5670-6BEF-4F3D-A1D0-86F03CBD5BD1}.Debug|x64.Build.0 = Debug|Any CPU
		{432B5670-6BEF-4F3D-A1D0-86F03CBD5BD1}.Release|Any CPU.ActiveCfg = Release|Any CPU
		{432B5670-6BEF-4F3D-A1D0-86F03CBD5BD1}.Release|Any CPU.Build.0 = Release|Any CPU
		{432B5670-6BEF-4F3D-A1D0-86F03CBD5BD1}.Release|x64.ActiveCfg = Release|Any CPU
		{432B5670-6BEF-4F3D-A1D0-86F03CBD5BD1}.Release|x64.Build.0 = Release|Any CPU
		{432B5670-6BEF-4F3D-A1D0-86F03CBD5BD1}.Tools|Any CPU.ActiveCfg = Tools|Any CPU
		{432B5670-6BEF-4F3D-A1D0-86F03CBD5BD1}.Tools|Any CPU.Build.0 = Tools|Any CPU
		{65C1D5FF-4EED-468D-8452-1BC62ED6C624}.Debug|Any CPU.ActiveCfg = Debug|Any CPU
		{65C1D5FF-4EED-468D-8452-1BC62ED6C624}.Debug|Any CPU.Build.0 = Debug|Any CPU
		{65C1D5FF-4EED-468D-8452-1BC62ED6C624}.Debug|x64.ActiveCfg = Debug|Any CPU
		{65C1D5FF-4EED-468D-8452-1BC62ED6C624}.Debug|x64.Build.0 = Debug|Any CPU
		{65C1D5FF-4EED-468D-8452-1BC62ED6C624}.Release|Any CPU.ActiveCfg = Release|Any CPU
		{65C1D5FF-4EED-468D-8452-1BC62ED6C624}.Release|Any CPU.Build.0 = Release|Any CPU
		{65C1D5FF-4EED-468D-8452-1BC62ED6C624}.Release|x64.ActiveCfg = Release|Any CPU
		{65C1D5FF-4EED-468D-8452-1BC62ED6C624}.Release|x64.Build.0 = Release|Any CPU
		{65C1D5FF-4EED-468D-8452-1BC62ED6C624}.Tools|Any CPU.ActiveCfg = Tools|Any CPU
		{65C1D5FF-4EED-468D-8452-1BC62ED6C624}.Tools|Any CPU.Build.0 = Tools|Any CPU
		{B4312CDA-EE13-4EFC-ACC1-24FB29900F2F}.Debug|Any CPU.ActiveCfg = Debug|Any CPU
		{B4312CDA-EE13-4EFC-ACC1-24FB29900F2F}.Debug|Any CPU.Build.0 = Debug|Any CPU
		{B4312CDA-EE13-4EFC-ACC1-24FB29900F2F}.Debug|x64.ActiveCfg = Debug|Any CPU
		{B4312CDA-EE13-4EFC-ACC1-24FB29900F2F}.Debug|x64.Build.0 = Debug|Any CPU
		{B4312CDA-EE13-4EFC-ACC1-24FB29900F2F}.Release|Any CPU.ActiveCfg = Release|Any CPU
		{B4312CDA-EE13-4EFC-ACC1-24FB29900F2F}.Release|Any CPU.Build.0 = Release|Any CPU
		{B4312CDA-EE13-4EFC-ACC1-24FB29900F2F}.Release|x64.ActiveCfg = Release|Any CPU
		{B4312CDA-EE13-4EFC-ACC1-24FB29900F2F}.Release|x64.Build.0 = Release|Any CPU
		{B4312CDA-EE13-4EFC-ACC1-24FB29900F2F}.Tools|Any CPU.ActiveCfg = Tools|Any CPU
		{B4312CDA-EE13-4EFC-ACC1-24FB29900F2F}.Tools|Any CPU.Build.0 = Tools|Any CPU
		{F5B751BB-FFC3-4331-873A-51315740462A}.Debug|Any CPU.ActiveCfg = Debug|Any CPU
		{F5B751BB-FFC3-4331-873A-51315740462A}.Debug|Any CPU.Build.0 = Debug|Any CPU
		{F5B751BB-FFC3-4331-873A-51315740462A}.Debug|x64.ActiveCfg = Debug|Any CPU
		{F5B751BB-FFC3-4331-873A-51315740462A}.Debug|x64.Build.0 = Debug|Any CPU
		{F5B751BB-FFC3-4331-873A-51315740462A}.Release|Any CPU.ActiveCfg = Release|Any CPU
		{F5B751BB-FFC3-4331-873A-51315740462A}.Release|Any CPU.Build.0 = Release|Any CPU
		{F5B751BB-FFC3-4331-873A-51315740462A}.Release|x64.ActiveCfg = Release|Any CPU
		{F5B751BB-FFC3-4331-873A-51315740462A}.Release|x64.Build.0 = Release|Any CPU
		{F5B751BB-FFC3-4331-873A-51315740462A}.Tools|Any CPU.ActiveCfg = Tools|Any CPU
		{F5B751BB-FFC3-4331-873A-51315740462A}.Tools|Any CPU.Build.0 = Tools|Any CPU
		{A34BFECC-B541-48E6-82BA-506BBDB7C40B}.Debug|Any CPU.ActiveCfg = Debug|Any CPU
		{A34BFECC-B541-48E6-82BA-506BBDB7C40B}.Debug|Any CPU.Build.0 = Debug|Any CPU
		{A34BFECC-B541-48E6-82BA-506BBDB7C40B}.Debug|x64.ActiveCfg = Debug|Any CPU
		{A34BFECC-B541-48E6-82BA-506BBDB7C40B}.Debug|x64.Build.0 = Debug|Any CPU
		{A34BFECC-B541-48E6-82BA-506BBDB7C40B}.Release|Any CPU.ActiveCfg = Release|Any CPU
		{A34BFECC-B541-48E6-82BA-506BBDB7C40B}.Release|Any CPU.Build.0 = Release|Any CPU
		{A34BFECC-B541-48E6-82BA-506BBDB7C40B}.Release|x64.ActiveCfg = Release|Any CPU
		{A34BFECC-B541-48E6-82BA-506BBDB7C40B}.Release|x64.Build.0 = Release|Any CPU
		{A34BFECC-B541-48E6-82BA-506BBDB7C40B}.Tools|Any CPU.ActiveCfg = Tools|Any CPU
		{A34BFECC-B541-48E6-82BA-506BBDB7C40B}.Tools|Any CPU.Build.0 = Tools|Any CPU
		{4A4148E4-C82C-45F5-8278-371CA0567EFB}.Debug|Any CPU.ActiveCfg = Debug|Any CPU
		{4A4148E4-C82C-45F5-8278-371CA0567EFB}.Debug|Any CPU.Build.0 = Debug|Any CPU
		{4A4148E4-C82C-45F5-8278-371CA0567EFB}.Debug|x64.ActiveCfg = Debug|Any CPU
		{4A4148E4-C82C-45F5-8278-371CA0567EFB}.Debug|x64.Build.0 = Debug|Any CPU
		{4A4148E4-C82C-45F5-8278-371CA0567EFB}.Release|Any CPU.ActiveCfg = Release|Any CPU
		{4A4148E4-C82C-45F5-8278-371CA0567EFB}.Release|Any CPU.Build.0 = Release|Any CPU
		{4A4148E4-C82C-45F5-8278-371CA0567EFB}.Release|x64.ActiveCfg = Release|Any CPU
		{4A4148E4-C82C-45F5-8278-371CA0567EFB}.Release|x64.Build.0 = Release|Any CPU
		{4A4148E4-C82C-45F5-8278-371CA0567EFB}.Tools|Any CPU.ActiveCfg = Tools|Any CPU
		{4A4148E4-C82C-45F5-8278-371CA0567EFB}.Tools|Any CPU.Build.0 = Tools|Any CPU
		{D5D921FD-A535-40CE-AED2-0526AC4015E4}.Debug|Any CPU.ActiveCfg = Debug|Any CPU
		{D5D921FD-A535-40CE-AED2-0526AC4015E4}.Debug|Any CPU.Build.0 = Debug|Any CPU
		{D5D921FD-A535-40CE-AED2-0526AC4015E4}.Debug|x64.ActiveCfg = Debug|Any CPU
		{D5D921FD-A535-40CE-AED2-0526AC4015E4}.Debug|x64.Build.0 = Debug|Any CPU
		{D5D921FD-A535-40CE-AED2-0526AC4015E4}.Release|Any CPU.ActiveCfg = Release|Any CPU
		{D5D921FD-A535-40CE-AED2-0526AC4015E4}.Release|Any CPU.Build.0 = Release|Any CPU
		{D5D921FD-A535-40CE-AED2-0526AC4015E4}.Release|x64.ActiveCfg = Release|Any CPU
		{D5D921FD-A535-40CE-AED2-0526AC4015E4}.Release|x64.Build.0 = Release|Any CPU
		{D5D921FD-A535-40CE-AED2-0526AC4015E4}.Tools|Any CPU.ActiveCfg = Tools|Any CPU
		{D5D921FD-A535-40CE-AED2-0526AC4015E4}.Tools|Any CPU.Build.0 = Tools|Any CPU
		{7AA19C30-0627-473E-B3D0-08E96FC2D77D}.Debug|Any CPU.ActiveCfg = Debug|Any CPU
		{7AA19C30-0627-473E-B3D0-08E96FC2D77D}.Debug|Any CPU.Build.0 = Debug|Any CPU
		{7AA19C30-0627-473E-B3D0-08E96FC2D77D}.Debug|x64.ActiveCfg = Debug|Any CPU
		{7AA19C30-0627-473E-B3D0-08E96FC2D77D}.Debug|x64.Build.0 = Debug|Any CPU
		{7AA19C30-0627-473E-B3D0-08E96FC2D77D}.Release|Any CPU.ActiveCfg = Release|Any CPU
		{7AA19C30-0627-473E-B3D0-08E96FC2D77D}.Release|Any CPU.Build.0 = Release|Any CPU
		{7AA19C30-0627-473E-B3D0-08E96FC2D77D}.Release|x64.ActiveCfg = Release|Any CPU
		{7AA19C30-0627-473E-B3D0-08E96FC2D77D}.Release|x64.Build.0 = Release|Any CPU
		{7AA19C30-0627-473E-B3D0-08E96FC2D77D}.Tools|Any CPU.ActiveCfg = Tools|Any CPU
		{7AA19C30-0627-473E-B3D0-08E96FC2D77D}.Tools|Any CPU.Build.0 = Tools|Any CPU
		{ECB7A503-FF99-4E73-927A-B434915A452A}.Debug|Any CPU.ActiveCfg = Debug|Any CPU
		{ECB7A503-FF99-4E73-927A-B434915A452A}.Debug|Any CPU.Build.0 = Debug|Any CPU
		{ECB7A503-FF99-4E73-927A-B434915A452A}.Debug|x64.ActiveCfg = Debug|Any CPU
		{ECB7A503-FF99-4E73-927A-B434915A452A}.Debug|x64.Build.0 = Debug|Any CPU
		{ECB7A503-FF99-4E73-927A-B434915A452A}.Release|Any CPU.ActiveCfg = Release|Any CPU
		{ECB7A503-FF99-4E73-927A-B434915A452A}.Release|Any CPU.Build.0 = Release|Any CPU
		{ECB7A503-FF99-4E73-927A-B434915A452A}.Release|x64.ActiveCfg = Release|Any CPU
		{ECB7A503-FF99-4E73-927A-B434915A452A}.Release|x64.Build.0 = Release|Any CPU
		{ECB7A503-FF99-4E73-927A-B434915A452A}.Tools|Any CPU.ActiveCfg = Tools|Any CPU
		{ECB7A503-FF99-4E73-927A-B434915A452A}.Tools|Any CPU.Build.0 = Tools|Any CPU
		{C598983A-4FE6-45FF-A6C2-1563394285E1}.Debug|Any CPU.ActiveCfg = Debug|Any CPU
		{C598983A-4FE6-45FF-A6C2-1563394285E1}.Debug|Any CPU.Build.0 = Debug|Any CPU
		{C598983A-4FE6-45FF-A6C2-1563394285E1}.Debug|x64.ActiveCfg = Debug|Any CPU
		{C598983A-4FE6-45FF-A6C2-1563394285E1}.Debug|x64.Build.0 = Debug|Any CPU
		{C598983A-4FE6-45FF-A6C2-1563394285E1}.Release|Any CPU.ActiveCfg = Release|Any CPU
		{C598983A-4FE6-45FF-A6C2-1563394285E1}.Release|Any CPU.Build.0 = Release|Any CPU
		{C598983A-4FE6-45FF-A6C2-1563394285E1}.Release|x64.ActiveCfg = Release|Any CPU
		{C598983A-4FE6-45FF-A6C2-1563394285E1}.Release|x64.Build.0 = Release|Any CPU
		{C598983A-4FE6-45FF-A6C2-1563394285E1}.Tools|Any CPU.ActiveCfg = Tools|Any CPU
		{C598983A-4FE6-45FF-A6C2-1563394285E1}.Tools|Any CPU.Build.0 = Tools|Any CPU
		{293D0AEA-7934-461C-9DAD-EC1827CE9DE3}.Debug|Any CPU.ActiveCfg = Debug|Any CPU
		{293D0AEA-7934-461C-9DAD-EC1827CE9DE3}.Debug|Any CPU.Build.0 = Debug|Any CPU
		{293D0AEA-7934-461C-9DAD-EC1827CE9DE3}.Debug|x64.ActiveCfg = Debug|Any CPU
		{293D0AEA-7934-461C-9DAD-EC1827CE9DE3}.Debug|x64.Build.0 = Debug|Any CPU
		{293D0AEA-7934-461C-9DAD-EC1827CE9DE3}.Release|Any CPU.ActiveCfg = Release|Any CPU
		{293D0AEA-7934-461C-9DAD-EC1827CE9DE3}.Release|Any CPU.Build.0 = Release|Any CPU
		{293D0AEA-7934-461C-9DAD-EC1827CE9DE3}.Release|x64.ActiveCfg = Release|Any CPU
		{293D0AEA-7934-461C-9DAD-EC1827CE9DE3}.Release|x64.Build.0 = Release|Any CPU
		{293D0AEA-7934-461C-9DAD-EC1827CE9DE3}.Tools|Any CPU.ActiveCfg = Tools|Any CPU
		{293D0AEA-7934-461C-9DAD-EC1827CE9DE3}.Tools|Any CPU.Build.0 = Tools|Any CPU
		{CBF4EBB8-A6A0-446F-82D4-B1D24FF5B3FF}.Debug|Any CPU.ActiveCfg = Debug|Any CPU
		{CBF4EBB8-A6A0-446F-82D4-B1D24FF5B3FF}.Debug|Any CPU.Build.0 = Debug|Any CPU
		{CBF4EBB8-A6A0-446F-82D4-B1D24FF5B3FF}.Debug|x64.ActiveCfg = Debug|Any CPU
		{CBF4EBB8-A6A0-446F-82D4-B1D24FF5B3FF}.Debug|x64.Build.0 = Debug|Any CPU
		{CBF4EBB8-A6A0-446F-82D4-B1D24FF5B3FF}.Release|Any CPU.ActiveCfg = Release|Any CPU
		{CBF4EBB8-A6A0-446F-82D4-B1D24FF5B3FF}.Release|Any CPU.Build.0 = Release|Any CPU
		{CBF4EBB8-A6A0-446F-82D4-B1D24FF5B3FF}.Release|x64.ActiveCfg = Release|Any CPU
		{CBF4EBB8-A6A0-446F-82D4-B1D24FF5B3FF}.Release|x64.Build.0 = Release|Any CPU
		{CBF4EBB8-A6A0-446F-82D4-B1D24FF5B3FF}.Tools|Any CPU.ActiveCfg = Tools|Any CPU
		{CBF4EBB8-A6A0-446F-82D4-B1D24FF5B3FF}.Tools|Any CPU.Build.0 = Tools|Any CPU
		{2F7EE143-7BED-4731-90F0-E45AD7CC5E02}.Debug|Any CPU.ActiveCfg = Debug|Any CPU
		{2F7EE143-7BED-4731-90F0-E45AD7CC5E02}.Debug|Any CPU.Build.0 = Debug|Any CPU
		{2F7EE143-7BED-4731-90F0-E45AD7CC5E02}.Debug|x64.ActiveCfg = Debug|Any CPU
		{2F7EE143-7BED-4731-90F0-E45AD7CC5E02}.Debug|x64.Build.0 = Debug|Any CPU
		{2F7EE143-7BED-4731-90F0-E45AD7CC5E02}.Release|Any CPU.ActiveCfg = Release|Any CPU
		{2F7EE143-7BED-4731-90F0-E45AD7CC5E02}.Release|Any CPU.Build.0 = Release|Any CPU
		{2F7EE143-7BED-4731-90F0-E45AD7CC5E02}.Release|x64.ActiveCfg = Release|Any CPU
		{2F7EE143-7BED-4731-90F0-E45AD7CC5E02}.Release|x64.Build.0 = Release|Any CPU
		{2F7EE143-7BED-4731-90F0-E45AD7CC5E02}.Tools|Any CPU.ActiveCfg = Tools|Any CPU
		{2F7EE143-7BED-4731-90F0-E45AD7CC5E02}.Tools|Any CPU.Build.0 = Tools|Any CPU
		{DEC65C37-03EF-4064-9C37-12CEB9ABD52A}.Debug|Any CPU.ActiveCfg = Debug|Any CPU
		{DEC65C37-03EF-4064-9C37-12CEB9ABD52A}.Debug|Any CPU.Build.0 = Debug|Any CPU
		{DEC65C37-03EF-4064-9C37-12CEB9ABD52A}.Debug|x64.ActiveCfg = Debug|Any CPU
		{DEC65C37-03EF-4064-9C37-12CEB9ABD52A}.Debug|x64.Build.0 = Debug|Any CPU
		{DEC65C37-03EF-4064-9C37-12CEB9ABD52A}.Release|Any CPU.ActiveCfg = Release|Any CPU
		{DEC65C37-03EF-4064-9C37-12CEB9ABD52A}.Release|Any CPU.Build.0 = Release|Any CPU
		{DEC65C37-03EF-4064-9C37-12CEB9ABD52A}.Release|x64.ActiveCfg = Release|Any CPU
		{DEC65C37-03EF-4064-9C37-12CEB9ABD52A}.Release|x64.Build.0 = Release|Any CPU
		{DEC65C37-03EF-4064-9C37-12CEB9ABD52A}.Tools|Any CPU.ActiveCfg = Tools|Any CPU
		{DEC65C37-03EF-4064-9C37-12CEB9ABD52A}.Tools|Any CPU.Build.0 = Tools|Any CPU
		{5CC537C3-91A8-484F-BA2C-A7D35D38A8B9}.Debug|Any CPU.ActiveCfg = Debug|Any CPU
		{5CC537C3-91A8-484F-BA2C-A7D35D38A8B9}.Debug|Any CPU.Build.0 = Debug|Any CPU
		{5CC537C3-91A8-484F-BA2C-A7D35D38A8B9}.Debug|x64.ActiveCfg = Debug|Any CPU
		{5CC537C3-91A8-484F-BA2C-A7D35D38A8B9}.Debug|x64.Build.0 = Debug|Any CPU
		{5CC537C3-91A8-484F-BA2C-A7D35D38A8B9}.Release|Any CPU.ActiveCfg = Release|Any CPU
		{5CC537C3-91A8-484F-BA2C-A7D35D38A8B9}.Release|Any CPU.Build.0 = Release|Any CPU
		{5CC537C3-91A8-484F-BA2C-A7D35D38A8B9}.Release|x64.ActiveCfg = Release|Any CPU
		{5CC537C3-91A8-484F-BA2C-A7D35D38A8B9}.Release|x64.Build.0 = Release|Any CPU
		{5CC537C3-91A8-484F-BA2C-A7D35D38A8B9}.Tools|Any CPU.ActiveCfg = Tools|Any CPU
		{5CC537C3-91A8-484F-BA2C-A7D35D38A8B9}.Tools|Any CPU.Build.0 = Tools|Any CPU
		{B8383CBC-8AE4-4F3B-9BE0-0D41030E7F68}.Debug|Any CPU.ActiveCfg = Debug|Any CPU
		{B8383CBC-8AE4-4F3B-9BE0-0D41030E7F68}.Debug|Any CPU.Build.0 = Debug|Any CPU
		{B8383CBC-8AE4-4F3B-9BE0-0D41030E7F68}.Debug|x64.ActiveCfg = Debug|Any CPU
		{B8383CBC-8AE4-4F3B-9BE0-0D41030E7F68}.Debug|x64.Build.0 = Debug|Any CPU
		{B8383CBC-8AE4-4F3B-9BE0-0D41030E7F68}.Release|Any CPU.ActiveCfg = Release|Any CPU
		{B8383CBC-8AE4-4F3B-9BE0-0D41030E7F68}.Release|Any CPU.Build.0 = Release|Any CPU
		{B8383CBC-8AE4-4F3B-9BE0-0D41030E7F68}.Release|x64.ActiveCfg = Release|Any CPU
		{B8383CBC-8AE4-4F3B-9BE0-0D41030E7F68}.Release|x64.Build.0 = Release|Any CPU
		{B8383CBC-8AE4-4F3B-9BE0-0D41030E7F68}.Tools|Any CPU.ActiveCfg = Tools|Any CPU
		{B8383CBC-8AE4-4F3B-9BE0-0D41030E7F68}.Tools|Any CPU.Build.0 = Tools|Any CPU
		{0D2AA0E2-B2DA-4EAF-9D7F-3E89257E74CD}.Debug|Any CPU.ActiveCfg = Debug|Any CPU
		{0D2AA0E2-B2DA-4EAF-9D7F-3E89257E74CD}.Debug|Any CPU.Build.0 = Debug|Any CPU
		{0D2AA0E2-B2DA-4EAF-9D7F-3E89257E74CD}.Debug|x64.ActiveCfg = Debug|Any CPU
		{0D2AA0E2-B2DA-4EAF-9D7F-3E89257E74CD}.Debug|x64.Build.0 = Debug|Any CPU
		{0D2AA0E2-B2DA-4EAF-9D7F-3E89257E74CD}.Release|Any CPU.ActiveCfg = Release|Any CPU
		{0D2AA0E2-B2DA-4EAF-9D7F-3E89257E74CD}.Release|Any CPU.Build.0 = Release|Any CPU
		{0D2AA0E2-B2DA-4EAF-9D7F-3E89257E74CD}.Release|x64.ActiveCfg = Release|Any CPU
		{0D2AA0E2-B2DA-4EAF-9D7F-3E89257E74CD}.Release|x64.Build.0 = Release|Any CPU
		{0D2AA0E2-B2DA-4EAF-9D7F-3E89257E74CD}.Tools|Any CPU.ActiveCfg = Tools|Any CPU
		{0D2AA0E2-B2DA-4EAF-9D7F-3E89257E74CD}.Tools|Any CPU.Build.0 = Tools|Any CPU
		{E83EE2FF-1D0D-4268-884A-0CF305F64AAE}.Debug|Any CPU.ActiveCfg = Debug|Any CPU
		{E83EE2FF-1D0D-4268-884A-0CF305F64AAE}.Debug|Any CPU.Build.0 = Debug|Any CPU
		{E83EE2FF-1D0D-4268-884A-0CF305F64AAE}.Debug|x64.ActiveCfg = Debug|Any CPU
		{E83EE2FF-1D0D-4268-884A-0CF305F64AAE}.Debug|x64.Build.0 = Debug|Any CPU
		{E83EE2FF-1D0D-4268-884A-0CF305F64AAE}.Release|Any CPU.ActiveCfg = Release|Any CPU
		{E83EE2FF-1D0D-4268-884A-0CF305F64AAE}.Release|Any CPU.Build.0 = Release|Any CPU
		{E83EE2FF-1D0D-4268-884A-0CF305F64AAE}.Release|x64.ActiveCfg = Release|Any CPU
		{E83EE2FF-1D0D-4268-884A-0CF305F64AAE}.Release|x64.Build.0 = Release|Any CPU
		{E83EE2FF-1D0D-4268-884A-0CF305F64AAE}.Tools|Any CPU.ActiveCfg = Tools|Any CPU
		{E83EE2FF-1D0D-4268-884A-0CF305F64AAE}.Tools|Any CPU.Build.0 = Tools|Any CPU
		{F3735A7F-44A2-4BEE-ADD6-952577D4DC33}.Debug|Any CPU.ActiveCfg = Debug|Any CPU
		{F3735A7F-44A2-4BEE-ADD6-952577D4DC33}.Debug|Any CPU.Build.0 = Debug|Any CPU
		{F3735A7F-44A2-4BEE-ADD6-952577D4DC33}.Debug|x64.ActiveCfg = Debug|Any CPU
		{F3735A7F-44A2-4BEE-ADD6-952577D4DC33}.Debug|x64.Build.0 = Debug|Any CPU
		{F3735A7F-44A2-4BEE-ADD6-952577D4DC33}.Release|Any CPU.ActiveCfg = Release|Any CPU
		{F3735A7F-44A2-4BEE-ADD6-952577D4DC33}.Release|Any CPU.Build.0 = Release|Any CPU
		{F3735A7F-44A2-4BEE-ADD6-952577D4DC33}.Release|x64.ActiveCfg = Release|Any CPU
		{F3735A7F-44A2-4BEE-ADD6-952577D4DC33}.Release|x64.Build.0 = Release|Any CPU
		{F3735A7F-44A2-4BEE-ADD6-952577D4DC33}.Tools|Any CPU.ActiveCfg = Tools|Any CPU
		{F3735A7F-44A2-4BEE-ADD6-952577D4DC33}.Tools|Any CPU.Build.0 = Tools|Any CPU
		{D080D3FA-CE53-40D2-AC9A-940FD9EB5055}.Debug|Any CPU.ActiveCfg = Debug|Any CPU
		{D080D3FA-CE53-40D2-AC9A-940FD9EB5055}.Debug|Any CPU.Build.0 = Debug|Any CPU
		{D080D3FA-CE53-40D2-AC9A-940FD9EB5055}.Debug|x64.ActiveCfg = Debug|Any CPU
		{D080D3FA-CE53-40D2-AC9A-940FD9EB5055}.Debug|x64.Build.0 = Debug|Any CPU
		{D080D3FA-CE53-40D2-AC9A-940FD9EB5055}.Release|Any CPU.ActiveCfg = Release|Any CPU
		{D080D3FA-CE53-40D2-AC9A-940FD9EB5055}.Release|Any CPU.Build.0 = Release|Any CPU
		{D080D3FA-CE53-40D2-AC9A-940FD9EB5055}.Release|x64.ActiveCfg = Release|Any CPU
		{D080D3FA-CE53-40D2-AC9A-940FD9EB5055}.Release|x64.Build.0 = Release|Any CPU
		{D080D3FA-CE53-40D2-AC9A-940FD9EB5055}.Tools|Any CPU.ActiveCfg = Tools|Any CPU
		{D080D3FA-CE53-40D2-AC9A-940FD9EB5055}.Tools|Any CPU.Build.0 = Tools|Any CPU
		{A86753A5-C9D8-4F3E-B030-BCFC64DF35D6}.Debug|Any CPU.ActiveCfg = Debug|Any CPU
		{A86753A5-C9D8-4F3E-B030-BCFC64DF35D6}.Debug|Any CPU.Build.0 = Debug|Any CPU
		{A86753A5-C9D8-4F3E-B030-BCFC64DF35D6}.Debug|x64.ActiveCfg = Debug|Any CPU
		{A86753A5-C9D8-4F3E-B030-BCFC64DF35D6}.Debug|x64.Build.0 = Debug|Any CPU
		{A86753A5-C9D8-4F3E-B030-BCFC64DF35D6}.Release|Any CPU.ActiveCfg = Release|Any CPU
		{A86753A5-C9D8-4F3E-B030-BCFC64DF35D6}.Release|Any CPU.Build.0 = Release|Any CPU
		{A86753A5-C9D8-4F3E-B030-BCFC64DF35D6}.Release|x64.ActiveCfg = Release|Any CPU
		{A86753A5-C9D8-4F3E-B030-BCFC64DF35D6}.Release|x64.Build.0 = Release|Any CPU
		{A86753A5-C9D8-4F3E-B030-BCFC64DF35D6}.Tools|Any CPU.ActiveCfg = Debug|Any CPU
		{A86753A5-C9D8-4F3E-B030-BCFC64DF35D6}.Tools|Any CPU.Build.0 = Debug|Any CPU
		{366AA569-0889-491B-AB00-F038EAEC5221}.Debug|Any CPU.ActiveCfg = Debug|Any CPU
		{366AA569-0889-491B-AB00-F038EAEC5221}.Debug|Any CPU.Build.0 = Debug|Any CPU
		{366AA569-0889-491B-AB00-F038EAEC5221}.Debug|x64.ActiveCfg = Debug|Any CPU
		{366AA569-0889-491B-AB00-F038EAEC5221}.Debug|x64.Build.0 = Debug|Any CPU
		{366AA569-0889-491B-AB00-F038EAEC5221}.Release|Any CPU.ActiveCfg = Release|Any CPU
		{366AA569-0889-491B-AB00-F038EAEC5221}.Release|Any CPU.Build.0 = Release|Any CPU
		{366AA569-0889-491B-AB00-F038EAEC5221}.Release|x64.ActiveCfg = Release|Any CPU
		{366AA569-0889-491B-AB00-F038EAEC5221}.Release|x64.Build.0 = Release|Any CPU
		{366AA569-0889-491B-AB00-F038EAEC5221}.Tools|Any CPU.ActiveCfg = Debug|Any CPU
		{366AA569-0889-491B-AB00-F038EAEC5221}.Tools|Any CPU.Build.0 = Debug|Any CPU
		{351729DE-F70D-4136-AD48-1E08A715C1B1}.Debug|Any CPU.ActiveCfg = Debug|Any CPU
		{351729DE-F70D-4136-AD48-1E08A715C1B1}.Debug|Any CPU.Build.0 = Debug|Any CPU
		{351729DE-F70D-4136-AD48-1E08A715C1B1}.Debug|x64.ActiveCfg = Debug|Any CPU
		{351729DE-F70D-4136-AD48-1E08A715C1B1}.Debug|x64.Build.0 = Debug|Any CPU
		{351729DE-F70D-4136-AD48-1E08A715C1B1}.Release|Any CPU.ActiveCfg = Release|Any CPU
		{351729DE-F70D-4136-AD48-1E08A715C1B1}.Release|Any CPU.Build.0 = Release|Any CPU
		{351729DE-F70D-4136-AD48-1E08A715C1B1}.Release|x64.ActiveCfg = Release|Any CPU
		{351729DE-F70D-4136-AD48-1E08A715C1B1}.Release|x64.Build.0 = Release|Any CPU
		{351729DE-F70D-4136-AD48-1E08A715C1B1}.Tools|Any CPU.ActiveCfg = Debug|Any CPU
		{351729DE-F70D-4136-AD48-1E08A715C1B1}.Tools|Any CPU.Build.0 = Debug|Any CPU
		{62F71077-77A6-4F0F-9A47-AA341668E194}.Debug|Any CPU.ActiveCfg = Debug|Any CPU
		{62F71077-77A6-4F0F-9A47-AA341668E194}.Debug|Any CPU.Build.0 = Debug|Any CPU
		{62F71077-77A6-4F0F-9A47-AA341668E194}.Debug|x64.ActiveCfg = Debug|Any CPU
		{62F71077-77A6-4F0F-9A47-AA341668E194}.Debug|x64.Build.0 = Debug|Any CPU
		{62F71077-77A6-4F0F-9A47-AA341668E194}.Release|Any CPU.ActiveCfg = Release|Any CPU
		{62F71077-77A6-4F0F-9A47-AA341668E194}.Release|Any CPU.Build.0 = Release|Any CPU
		{62F71077-77A6-4F0F-9A47-AA341668E194}.Release|x64.ActiveCfg = Release|Any CPU
		{62F71077-77A6-4F0F-9A47-AA341668E194}.Release|x64.Build.0 = Release|Any CPU
		{62F71077-77A6-4F0F-9A47-AA341668E194}.Tools|Any CPU.ActiveCfg = Debug|Any CPU
		{62F71077-77A6-4F0F-9A47-AA341668E194}.Tools|Any CPU.Build.0 = Debug|Any CPU
		{556A81FF-5A5F-4DC9-9E18-AFD9767FA082}.Debug|Any CPU.ActiveCfg = Debug|Any CPU
		{556A81FF-5A5F-4DC9-9E18-AFD9767FA082}.Debug|Any CPU.Build.0 = Debug|Any CPU
		{556A81FF-5A5F-4DC9-9E18-AFD9767FA082}.Debug|x64.ActiveCfg = Debug|Any CPU
		{556A81FF-5A5F-4DC9-9E18-AFD9767FA082}.Debug|x64.Build.0 = Debug|Any CPU
		{556A81FF-5A5F-4DC9-9E18-AFD9767FA082}.Release|Any CPU.ActiveCfg = Release|Any CPU
		{556A81FF-5A5F-4DC9-9E18-AFD9767FA082}.Release|Any CPU.Build.0 = Release|Any CPU
		{556A81FF-5A5F-4DC9-9E18-AFD9767FA082}.Release|x64.ActiveCfg = Release|Any CPU
		{556A81FF-5A5F-4DC9-9E18-AFD9767FA082}.Release|x64.Build.0 = Release|Any CPU
		{556A81FF-5A5F-4DC9-9E18-AFD9767FA082}.Tools|Any CPU.ActiveCfg = Debug|Any CPU
		{556A81FF-5A5F-4DC9-9E18-AFD9767FA082}.Tools|Any CPU.Build.0 = Debug|Any CPU
		{CCBE231F-192D-4CDB-8931-555B04B56534}.Debug|Any CPU.ActiveCfg = Debug|Any CPU
		{CCBE231F-192D-4CDB-8931-555B04B56534}.Debug|Any CPU.Build.0 = Debug|Any CPU
		{CCBE231F-192D-4CDB-8931-555B04B56534}.Debug|x64.ActiveCfg = Debug|Any CPU
		{CCBE231F-192D-4CDB-8931-555B04B56534}.Debug|x64.Build.0 = Debug|Any CPU
		{CCBE231F-192D-4CDB-8931-555B04B56534}.Release|Any CPU.ActiveCfg = Release|Any CPU
		{CCBE231F-192D-4CDB-8931-555B04B56534}.Release|Any CPU.Build.0 = Release|Any CPU
		{CCBE231F-192D-4CDB-8931-555B04B56534}.Release|x64.ActiveCfg = Release|Any CPU
		{CCBE231F-192D-4CDB-8931-555B04B56534}.Release|x64.Build.0 = Release|Any CPU
		{CCBE231F-192D-4CDB-8931-555B04B56534}.Tools|Any CPU.ActiveCfg = Debug|Any CPU
		{CCBE231F-192D-4CDB-8931-555B04B56534}.Tools|Any CPU.Build.0 = Debug|Any CPU
	EndGlobalSection
	GlobalSection(SolutionProperties) = preSolution
		HideSolutionNode = FALSE
	EndGlobalSection
	GlobalSection(NestedProjects) = preSolution
		{4F1F4C68-4117-4ECC-8174-D399C1D6C409} = {723B93CA-7EDC-46CB-93DD-983F2061B14D}
		{260FDE5A-C587-4603-B45D-EF2049F7B2F6} = {DBFD7471-84E2-4AAB-86E9-F8DFF917ED5B}
		{2C2A8FA2-1C54-4781-A79C-288AB39325FA} = {DBFD7471-84E2-4AAB-86E9-F8DFF917ED5B}
		{2E744769-C54D-4F43-9592-C2743B3BA95F} = {DBFD7471-84E2-4AAB-86E9-F8DFF917ED5B}
		{23AB2010-6763-4A97-99D2-DC10D2F9F3B5} = {DBFD7471-84E2-4AAB-86E9-F8DFF917ED5B}
		{B2DC3A15-42D9-42CF-B9FC-F1FB5F7E41F7} = {DBFD7471-84E2-4AAB-86E9-F8DFF917ED5B}
		{7C10CFFC-4EE7-4115-A69A-7B60D19712AB} = {DBFD7471-84E2-4AAB-86E9-F8DFF917ED5B}
		{F7A90FEE-4B51-4B86-A6ED-F1AD8E4B870E} = {DBFD7471-84E2-4AAB-86E9-F8DFF917ED5B}
		{432B5670-6BEF-4F3D-A1D0-86F03CBD5BD1} = {DBFD7471-84E2-4AAB-86E9-F8DFF917ED5B}
		{65C1D5FF-4EED-468D-8452-1BC62ED6C624} = {DBFD7471-84E2-4AAB-86E9-F8DFF917ED5B}
		{B4312CDA-EE13-4EFC-ACC1-24FB29900F2F} = {DBFD7471-84E2-4AAB-86E9-F8DFF917ED5B}
		{F5B751BB-FFC3-4331-873A-51315740462A} = {DBFD7471-84E2-4AAB-86E9-F8DFF917ED5B}
		{A34BFECC-B541-48E6-82BA-506BBDB7C40B} = {DBFD7471-84E2-4AAB-86E9-F8DFF917ED5B}
		{4A4148E4-C82C-45F5-8278-371CA0567EFB} = {DBFD7471-84E2-4AAB-86E9-F8DFF917ED5B}
		{D5D921FD-A535-40CE-AED2-0526AC4015E4} = {DBFD7471-84E2-4AAB-86E9-F8DFF917ED5B}
		{7AA19C30-0627-473E-B3D0-08E96FC2D77D} = {DBFD7471-84E2-4AAB-86E9-F8DFF917ED5B}
		{2E99CFE9-C7C6-4275-8730-2672E28CCEA4} = {DBFD7471-84E2-4AAB-86E9-F8DFF917ED5B}
		{ECB7A503-FF99-4E73-927A-B434915A452A} = {2E99CFE9-C7C6-4275-8730-2672E28CCEA4}
		{C598983A-4FE6-45FF-A6C2-1563394285E1} = {2E99CFE9-C7C6-4275-8730-2672E28CCEA4}
		{293D0AEA-7934-461C-9DAD-EC1827CE9DE3} = {2E99CFE9-C7C6-4275-8730-2672E28CCEA4}
		{3DF1DC34-2235-4F4F-8513-14B1284EC70B} = {DBFD7471-84E2-4AAB-86E9-F8DFF917ED5B}
		{534AFACE-24AF-4F54-B7B0-951C5D62DF34} = {DBFD7471-84E2-4AAB-86E9-F8DFF917ED5B}
		{CBF4EBB8-A6A0-446F-82D4-B1D24FF5B3FF} = {534AFACE-24AF-4F54-B7B0-951C5D62DF34}
		{F3735A7F-44A2-4BEE-ADD6-952577D4DC33} = {DBFD7471-84E2-4AAB-86E9-F8DFF917ED5B}
		{D080D3FA-CE53-40D2-AC9A-940FD9EB5055} = {DBFD7471-84E2-4AAB-86E9-F8DFF917ED5B}
		{366AA569-0889-491B-AB00-F038EAEC5221} = {DBFD7471-84E2-4AAB-86E9-F8DFF917ED5B}
	EndGlobalSection
	GlobalSection(ExtensibilityGlobals) = postSolution
		SolutionGuid = {970174FD-D22D-44D9-A410-F82A015E6F74}
	EndGlobalSection
EndGlobal
